
Microsoft Visual Studio Solution File, Format Version 12.00
# Visual Studio Version 16
VisualStudioVersion = 16.0.30503.244
MinimumVisualStudioVersion = 10.0.40219.1
Project("{FAE04EC0-301F-11D3-BF4B-00C04F79EFBC}") = "DataversePowerAutomateHelpers", "DataversePowerAutomateHelpers.csproj", "{C5AE73E7-3458-4B25-938A-8C0414299151}"
EndProject
Global
	GlobalSection(SolutionConfigurationPlatforms) = preSolution
		Debug|Any CPU = Debug|Any CPU
		Release|Any CPU = Release|Any CPU
	EndGlobalSection
	GlobalSection(ProjectConfigurationPlatforms) = postSolution
		{C5AE73E7-3458-4B25-938A-8C0414299151}.Debug|Any CPU.ActiveCfg = Debug|Any CPU
		{C5AE73E7-3458-4B25-938A-8C0414299151}.Debug|Any CPU.Build.0 = Debug|Any CPU
		{C5AE73E7-3458-4B25-938A-8C0414299151}.Release|Any CPU.ActiveCfg = Release|Any CPU
		{C5AE73E7-3458-4B25-938A-8C0414299151}.Release|Any CPU.Build.0 = Release|Any CPU
	EndGlobalSection
	GlobalSection(SolutionProperties) = preSolution
		HideSolutionNode = FALSE
	EndGlobalSection
	GlobalSection(ExtensibilityGlobals) = postSolution
		SolutionGuid = {AD03F103-D026-4982-A8BA-4BFE8F2A3F70}
	EndGlobalSection
EndGlobal
